
Microsoft Visual Studio Solution File, Format Version 12.00
# Visual Studio Version 17
VisualStudioVersion = 17.5.33424.131
MinimumVisualStudioVersion = 10.0.40219.1
Project("{FAE04EC0-301F-11D3-BF4B-00C04F79EFBC}") = "ConsoleApp16", "ConsoleApp16.csproj", "{C18D273E-97B7-4546-8F73-B2B32A6A1F19}"
EndProject
Global
	GlobalSection(SolutionConfigurationPlatforms) = preSolution
		Debug|Any CPU = Debug|Any CPU
		Release|Any CPU = Release|Any CPU
	EndGlobalSection
	GlobalSection(ProjectConfigurationPlatforms) = postSolution
		{C18D273E-97B7-4546-8F73-B2B32A6A1F19}.Debug|Any CPU.ActiveCfg = Debug|Any CPU
		{C18D273E-97B7-4546-8F73-B2B32A6A1F19}.Debug|Any CPU.Build.0 = Debug|Any CPU
		{C18D273E-97B7-4546-8F73-B2B32A6A1F19}.Release|Any CPU.ActiveCfg = Release|Any CPU
		{C18D273E-97B7-4546-8F73-B2B32A6A1F19}.Release|Any CPU.Build.0 = Release|Any CPU
	EndGlobalSection
	GlobalSection(SolutionProperties) = preSolution
		HideSolutionNode = FALSE
	EndGlobalSection
	GlobalSection(ExtensibilityGlobals) = postSolution
		SolutionGuid = {709BECC3-2315-41E4-B6AF-B9117645C7B5}
	EndGlobalSection
EndGlobal
